// !$*UTF8*$!
{
	archiveVersion = 1;
	classes = {
	};
	objectVersion = 46;
	objects = {

/* Begin PBXBuildFile section */
		8F1377051E756EFF00690150 /* NoteCell.swift in Sources */ = {isa = PBXBuildFile; fileRef = 8F1377041E756EFF00690150 /* NoteCell.swift */; };
		8F2F0B281E755705006C6E0D /* AppDelegate.swift in Sources */ = {isa = PBXBuildFile; fileRef = 8F2F0B271E755705006C6E0D /* AppDelegate.swift */; };
		8F2F0B2A1E755705006C6E0D /* ViewController.swift in Sources */ = {isa = PBXBuildFile; fileRef = 8F2F0B291E755705006C6E0D /* ViewController.swift */; };
		8F2F0B2D1E755705006C6E0D /* Main.storyboard in Resources */ = {isa = PBXBuildFile; fileRef = 8F2F0B2B1E755705006C6E0D /* Main.storyboard */; };
		8F2F0B301E755705006C6E0D /* notebook.xcdatamodeld in Sources */ = {isa = PBXBuildFile; fileRef = 8F2F0B2E1E755705006C6E0D /* notebook.xcdatamodeld */; };
		8F2F0B321E755705006C6E0D /* Assets.xcassets in Resources */ = {isa = PBXBuildFile; fileRef = 8F2F0B311E755705006C6E0D /* Assets.xcassets */; };
		8F2F0B351E755705006C6E0D /* LaunchScreen.storyboard in Resources */ = {isa = PBXBuildFile; fileRef = 8F2F0B331E755705006C6E0D /* LaunchScreen.storyboard */; };
		8F2F0B6B1E755BDC006C6E0D /* Note+CoreDataClass.swift in Sources */ = {isa = PBXBuildFile; fileRef = 8F2F0B651E755BDC006C6E0D /* Note+CoreDataClass.swift */; };
		8F2F0B6C1E755BDC006C6E0D /* Note+CoreDataProperties.swift in Sources */ = {isa = PBXBuildFile; fileRef = 8F2F0B661E755BDC006C6E0D /* Note+CoreDataProperties.swift */; };
		8F2F0B6D1E755BDC006C6E0D /* Category+CoreDataClass.swift in Sources */ = {isa = PBXBuildFile; fileRef = 8F2F0B671E755BDC006C6E0D /* Category+CoreDataClass.swift */; };
		8F2F0B6E1E755BDC006C6E0D /* Category+CoreDataProperties.swift in Sources */ = {isa = PBXBuildFile; fileRef = 8F2F0B681E755BDC006C6E0D /* Category+CoreDataProperties.swift */; };
		8F2F0B6F1E755BDC006C6E0D /* Images+CoreDataClass.swift in Sources */ = {isa = PBXBuildFile; fileRef = 8F2F0B691E755BDC006C6E0D /* Images+CoreDataClass.swift */; };
		8F2F0B701E755BDC006C6E0D /* Images+CoreDataProperties.swift in Sources */ = {isa = PBXBuildFile; fileRef = 8F2F0B6A1E755BDC006C6E0D /* Images+CoreDataProperties.swift */; };
		8F2F0B721E756912006C6E0D /* MaterialView.swift in Sources */ = {isa = PBXBuildFile; fileRef = 8F2F0B711E756912006C6E0D /* MaterialView.swift */; };
/* End PBXBuildFile section */

/* Begin PBXFileReference section */
		8F1377041E756EFF00690150 /* NoteCell.swift */ = {isa = PBXFileReference; fileEncoding = 4; lastKnownFileType = sourcecode.swift; path = NoteCell.swift; sourceTree = "<group>"; };
		8F2F0B241E755705006C6E0D /* notebook.app */ = {isa = PBXFileReference; explicitFileType = wrapper.application; includeInIndex = 0; path = notebook.app; sourceTree = BUILT_PRODUCTS_DIR; };
		8F2F0B271E755705006C6E0D /* AppDelegate.swift */ = {isa = PBXFileReference; lastKnownFileType = sourcecode.swift; path = AppDelegate.swift; sourceTree = "<group>"; };
		8F2F0B291E755705006C6E0D /* ViewController.swift */ = {isa = PBXFileReference; lastKnownFileType = sourcecode.swift; path = ViewController.swift; sourceTree = "<group>"; };
		8F2F0B2C1E755705006C6E0D /* Base */ = {isa = PBXFileReference; lastKnownFileType = file.storyboard; name = Base; path = Base.lproj/Main.storyboard; sourceTree = "<group>"; };
		8F2F0B2F1E755705006C6E0D /* notebook.xcdatamodel */ = {isa = PBXFileReference; lastKnownFileType = wrapper.xcdatamodel; path = notebook.xcdatamodel; sourceTree = "<group>"; };
		8F2F0B311E755705006C6E0D /* Assets.xcassets */ = {isa = PBXFileReference; lastKnownFileType = folder.assetcatalog; path = Assets.xcassets; sourceTree = "<group>"; };
		8F2F0B341E755705006C6E0D /* Base */ = {isa = PBXFileReference; lastKnownFileType = file.storyboard; name = Base; path = Base.lproj/LaunchScreen.storyboard; sourceTree = "<group>"; };
		8F2F0B361E755705006C6E0D /* Info.plist */ = {isa = PBXFileReference; lastKnownFileType = text.plist.xml; path = Info.plist; sourceTree = "<group>"; };
		8F2F0B651E755BDC006C6E0D /* Note+CoreDataClass.swift */ = {isa = PBXFileReference; fileEncoding = 4; lastKnownFileType = sourcecode.swift; path = "Note+CoreDataClass.swift"; sourceTree = "<group>"; };
		8F2F0B661E755BDC006C6E0D /* Note+CoreDataProperties.swift */ = {isa = PBXFileReference; fileEncoding = 4; lastKnownFileType = sourcecode.swift; path = "Note+CoreDataProperties.swift"; sourceTree = "<group>"; };
		8F2F0B671E755BDC006C6E0D /* Category+CoreDataClass.swift */ = {isa = PBXFileReference; fileEncoding = 4; lastKnownFileType = sourcecode.swift; path = "Category+CoreDataClass.swift"; sourceTree = "<group>"; };
		8F2F0B681E755BDC006C6E0D /* Category+CoreDataProperties.swift */ = {isa = PBXFileReference; fileEncoding = 4; lastKnownFileType = sourcecode.swift; path = "Category+CoreDataProperties.swift"; sourceTree = "<group>"; };
		8F2F0B691E755BDC006C6E0D /* Images+CoreDataClass.swift */ = {isa = PBXFileReference; fileEncoding = 4; lastKnownFileType = sourcecode.swift; path = "Images+CoreDataClass.swift"; sourceTree = "<group>"; };
		8F2F0B6A1E755BDC006C6E0D /* Images+CoreDataProperties.swift */ = {isa = PBXFileReference; fileEncoding = 4; lastKnownFileType = sourcecode.swift; path = "Images+CoreDataProperties.swift"; sourceTree = "<group>"; };
		8F2F0B711E756912006C6E0D /* MaterialView.swift */ = {isa = PBXFileReference; fileEncoding = 4; lastKnownFileType = sourcecode.swift; path = MaterialView.swift; sourceTree = "<group>"; };
/* End PBXFileReference section */

/* Begin PBXFrameworksBuildPhase section */
		8F2F0B211E755705006C6E0D /* Frameworks */ = {
			isa = PBXFrameworksBuildPhase;
			buildActionMask = 2147483647;
			files = (
			);
			runOnlyForDeploymentPostprocessing = 0;
		};
/* End PBXFrameworksBuildPhase section */

/* Begin PBXGroup section */
		8F2F0B1B1E755705006C6E0D = {
			isa = PBXGroup;
			children = (
				8F2F0B261E755705006C6E0D /* notebook */,
				8F2F0B251E755705006C6E0D /* Products */,
			);
			sourceTree = "<group>";
		};
		8F2F0B251E755705006C6E0D /* Products */ = {
			isa = PBXGroup;
			children = (
				8F2F0B241E755705006C6E0D /* notebook.app */,
			);
			name = Products;
			sourceTree = "<group>";
		};
		8F2F0B261E755705006C6E0D /* notebook */ = {
			isa = PBXGroup;
			children = (
				8F2F0B3F1E75597D006C6E0D /* resources */,
				8F2F0B3E1E755971006C6E0D /* controller */,
				8F2F0B3D1E75596C006C6E0D /* view */,
				8F2F0B3C1E755966006C6E0D /* model */,
				8F2F0B271E755705006C6E0D /* AppDelegate.swift */,
				8F2F0B2E1E755705006C6E0D /* notebook.xcdatamodeld */,
			);
			path = notebook;
			sourceTree = "<group>";
		};
		8F2F0B3C1E755966006C6E0D /* model */ = {
			isa = PBXGroup;
			children = (
				8F2F0B651E755BDC006C6E0D /* Note+CoreDataClass.swift */,
				8F2F0B671E755BDC006C6E0D /* Category+CoreDataClass.swift */,
				8F2F0B691E755BDC006C6E0D /* Images+CoreDataClass.swift */,
				8F2F0B641E755A4F006C6E0D /* properties */,
			);
			name = model;
			sourceTree = "<group>";
		};
		8F2F0B3D1E75596C006C6E0D /* view */ = {
			isa = PBXGroup;
			children = (
				8F2F0B711E756912006C6E0D /* MaterialView.swift */,
				8F1377041E756EFF00690150 /* NoteCell.swift */,
			);
			name = view;
			sourceTree = "<group>";
		};
		8F2F0B3E1E755971006C6E0D /* controller */ = {
			isa = PBXGroup;
			children = (
				8F2F0B291E755705006C6E0D /* ViewController.swift */,
			);
			name = controller;
			sourceTree = "<group>";
		};
		8F2F0B3F1E75597D006C6E0D /* resources */ = {
			isa = PBXGroup;
			children = (
				8F2F0B2B1E755705006C6E0D /* Main.storyboard */,
				8F2F0B311E755705006C6E0D /* Assets.xcassets */,
				8F2F0B331E755705006C6E0D /* LaunchScreen.storyboard */,
				8F2F0B361E755705006C6E0D /* Info.plist */,
			);
			name = resources;
			sourceTree = "<group>";
		};
		8F2F0B641E755A4F006C6E0D /* properties */ = {
			isa = PBXGroup;
			children = (
				8F2F0B661E755BDC006C6E0D /* Note+CoreDataProperties.swift */,
				8F2F0B681E755BDC006C6E0D /* Category+CoreDataProperties.swift */,
				8F2F0B6A1E755BDC006C6E0D /* Images+CoreDataProperties.swift */,
			);
			name = properties;
			sourceTree = "<group>";
		};
/* End PBXGroup section */

/* Begin PBXNativeTarget section */
		8F2F0B231E755705006C6E0D /* notebook */ = {
			isa = PBXNativeTarget;
			buildConfigurationList = 8F2F0B391E755705006C6E0D /* Build configuration list for PBXNativeTarget "notebook" */;
			buildPhases = (
				8F2F0B201E755705006C6E0D /* Sources */,
				8F2F0B211E755705006C6E0D /* Frameworks */,
				8F2F0B221E755705006C6E0D /* Resources */,
			);
			buildRules = (
			);
			dependencies = (
			);
			name = notebook;
			productName = notebook;
			productReference = 8F2F0B241E755705006C6E0D /* notebook.app */;
			productType = "com.apple.product-type.application";
		};
/* End PBXNativeTarget section */

/* Begin PBXProject section */
		8F2F0B1C1E755705006C6E0D /* Project object */ = {
			isa = PBXProject;
			attributes = {
				LastSwiftUpdateCheck = 0820;
				LastUpgradeCheck = 0820;
				ORGANIZATIONNAME = "Yiğit Can Türe";
				TargetAttributes = {
					8F2F0B231E755705006C6E0D = {
						CreatedOnToolsVersion = 8.2.1;
						DevelopmentTeam = 5KMX773338;
						ProvisioningStyle = Automatic;
					};
				};
			};
			buildConfigurationList = 8F2F0B1F1E755705006C6E0D /* Build configuration list for PBXProject "notebook" */;
			compatibilityVersion = "Xcode 3.2";
			developmentRegion = English;
			hasScannedForEncodings = 0;
			knownRegions = (
				en,
				Base,
			);
			mainGroup = 8F2F0B1B1E755705006C6E0D;
			productRefGroup = 8F2F0B251E755705006C6E0D /* Products */;
			projectDirPath = "";
			projectRoot = "";
			targets = (
				8F2F0B231E755705006C6E0D /* notebook */,
			);
		};
/* End PBXProject section */

/* Begin PBXResourcesBuildPhase section */
		8F2F0B221E755705006C6E0D /* Resources */ = {
			isa = PBXResourcesBuildPhase;
			buildActionMask = 2147483647;
			files = (
				8F2F0B351E755705006C6E0D /* LaunchScreen.storyboard in Resources */,
				8F2F0B321E755705006C6E0D /* Assets.xcassets in Resources */,
				8F2F0B2D1E755705006C6E0D /* Main.storyboard in Resources */,
			);
			runOnlyForDeploymentPostprocessing = 0;
		};
/* End PBXResourcesBuildPhase section */

/* Begin PBXSourcesBuildPhase section */
		8F2F0B201E755705006C6E0D /* Sources */ = {
			isa = PBXSourcesBuildPhase;
			buildActionMask = 2147483647;
			files = (
				8F2F0B701E755BDC006C6E0D /* Images+CoreDataProperties.swift in Sources */,
				8F2F0B6E1E755BDC006C6E0D /* Category+CoreDataProperties.swift in Sources */,
				8F1377051E756EFF00690150 /* NoteCell.swift in Sources */,
				8F2F0B301E755705006C6E0D /* notebook.xcdatamodeld in Sources */,
				8F2F0B6D1E755BDC006C6E0D /* Category+CoreDataClass.swift in Sources */,
				8F2F0B6B1E755BDC006C6E0D /* Note+CoreDataClass.swift in Sources */,
				8F2F0B2A1E755705006C6E0D /* ViewController.swift in Sources */,
				8F2F0B281E755705006C6E0D /* AppDelegate.swift in Sources */,
				8F2F0B721E756912006C6E0D /* MaterialView.swift in Sources */,
				8F2F0B6C1E755BDC006C6E0D /* Note+CoreDataProperties.swift in Sources */,
				8F2F0B6F1E755BDC006C6E0D /* Images+CoreDataClass.swift in Sources */,
			);
			runOnlyForDeploymentPostprocessing = 0;
		};
/* End PBXSourcesBuildPhase section */

/* Begin PBXVariantGroup section */
		8F2F0B2B1E755705006C6E0D /* Main.storyboard */ = {
			isa = PBXVariantGroup;
			children = (
				8F2F0B2C1E755705006C6E0D /* Base */,
			);
			name = Main.storyboard;
			sourceTree = "<group>";
		};
		8F2F0B331E755705006C6E0D /* LaunchScreen.storyboard */ = {
			isa = PBXVariantGroup;
			children = (
				8F2F0B341E755705006C6E0D /* Base */,
			);
			name = LaunchScreen.storyboard;
			sourceTree = "<group>";
		};
/* End PBXVariantGroup section */

/* Begin XCBuildConfiguration section */
		8F2F0B371E755705006C6E0D /* Debug */ = {
			isa = XCBuildConfiguration;
			buildSettings = {
				ALWAYS_SEARCH_USER_PATHS = NO;
				CLANG_ANALYZER_NONNULL = YES;
				CLANG_CXX_LANGUAGE_STANDARD = "gnu++0x";
				CLANG_CXX_LIBRARY = "libc++";
				CLANG_ENABLE_MODULES = YES;
				CLANG_ENABLE_OBJC_ARC = YES;
				CLANG_WARN_BOOL_CONVERSION = YES;
				CLANG_WARN_CONSTANT_CONVERSION = YES;
				CLANG_WARN_DIRECT_OBJC_ISA_USAGE = YES_ERROR;
				CLANG_WARN_DOCUMENTATION_COMMENTS = YES;
				CLANG_WARN_EMPTY_BODY = YES;
				CLANG_WARN_ENUM_CONVERSION = YES;
				CLANG_WARN_INFINITE_RECURSION = YES;
				CLANG_WARN_INT_CONVERSION = YES;
				CLANG_WARN_OBJC_ROOT_CLASS = YES_ERROR;
				CLANG_WARN_SUSPICIOUS_MOVE = YES;
				CLANG_WARN_UNREACHABLE_CODE = YES;
				CLANG_WARN__DUPLICATE_METHOD_MATCH = YES;
				"CODE_SIGN_IDENTITY[sdk=iphoneos*]" = "iPhone Developer";
				COPY_PHASE_STRIP = NO;
				DEBUG_INFORMATION_FORMAT = dwarf;
				ENABLE_STRICT_OBJC_MSGSEND = YES;
				ENABLE_TESTABILITY = YES;
				GCC_C_LANGUAGE_STANDARD = gnu99;
				GCC_DYNAMIC_NO_PIC = NO;
				GCC_NO_COMMON_BLOCKS = YES;
				GCC_OPTIMIZATION_LEVEL = 0;
				GCC_PREPROCESSOR_DEFINITIONS = (
					"DEBUG=1",
					"$(inherited)",
				);
				GCC_WARN_64_TO_32_BIT_CONVERSION = YES;
				GCC_WARN_ABOUT_RETURN_TYPE = YES_ERROR;
				GCC_WARN_UNDECLARED_SELECTOR = YES;
				GCC_WARN_UNINITIALIZED_AUTOS = YES_AGGRESSIVE;
				GCC_WARN_UNUSED_FUNCTION = YES;
				GCC_WARN_UNUSED_VARIABLE = YES;
				IPHONEOS_DEPLOYMENT_TARGET = 10.2;
				MTL_ENABLE_DEBUG_INFO = YES;
				ONLY_ACTIVE_ARCH = YES;
				SDKROOT = iphoneos;
				SWIFT_ACTIVE_COMPILATION_CONDITIONS = DEBUG;
				SWIFT_OPTIMIZATION_LEVEL = "-Onone";
				TARGETED_DEVICE_FAMILY = "1,2";
			};
			name = Debug;
		};
		8F2F0B381E755705006C6E0D /* Release */ = {
			isa = XCBuildConfiguration;
			buildSettings = {
				ALWAYS_SEARCH_USER_PATHS = NO;
				CLANG_ANALYZER_NONNULL = YES;
				CLANG_CXX_LANGUAGE_STANDARD = "gnu++0x";
				CLANG_CXX_LIBRARY = "libc++";
				CLANG_ENABLE_MODULES = YES;
				CLANG_ENABLE_OBJC_ARC = YES;
				CLANG_WARN_BOOL_CONVERSION = YES;
				CLANG_WARN_CONSTANT_CONVERSION = YES;
				CLANG_WARN_DIRECT_OBJC_ISA_USAGE = YES_ERROR;
				CLANG_WARN_DOCUMENTATION_COMMENTS = YES;
				CLANG_WARN_EMPTY_BODY = YES;
				CLANG_WARN_ENUM_CONVERSION = YES;
				CLANG_WARN_INFINITE_RECURSION = YES;
				CLANG_WARN_INT_CONVERSION = YES;
				CLANG_WARN_OBJC_ROOT_CLASS = YES_ERROR;
				CLANG_WARN_SUSPICIOUS_MOVE = YES;
				CLANG_WARN_UNREACHABLE_CODE = YES;
				CLANG_WARN__DUPLICATE_METHOD_MATCH = YES;
				"CODE_SIGN_IDENTITY[sdk=iphoneos*]" = "iPhone Developer";
				COPY_PHASE_STRIP = NO;
				DEBUG_INFORMATION_FORMAT = "dwarf-with-dsym";
				ENABLE_NS_ASSERTIONS = NO;
				ENABLE_STRICT_OBJC_MSGSEND = YES;
				GCC_C_LANGUAGE_STANDARD = gnu99;
				GCC_NO_COMMON_BLOCKS = YES;
				GCC_WARN_64_TO_32_BIT_CONVERSION = YES;
				GCC_WARN_ABOUT_RETURN_TYPE = YES_ERROR;
				GCC_WARN_UNDECLARED_SELECTOR = YES;
				GCC_WARN_UNINITIALIZED_AUTOS = YES_AGGRESSIVE;
				GCC_WARN_UNUSED_FUNCTION = YES;
				GCC_WARN_UNUSED_VARIABLE = YES;
				IPHONEOS_DEPLOYMENT_TARGET = 10.2;
				MTL_ENABLE_DEBUG_INFO = NO;
				SDKROOT = iphoneos;
				SWIFT_OPTIMIZATION_LEVEL = "-Owholemodule";
				TARGETED_DEVICE_FAMILY = "1,2";
				VALIDATE_PRODUCT = YES;
			};
			name = Release;
		};
		8F2F0B3A1E755705006C6E0D /* Debug */ = {
			isa = XCBuildConfiguration;
			buildSettings = {
				ASSETCATALOG_COMPILER_APPICON_NAME = AppIcon;
				DEVELOPMENT_TEAM = 5KMX773338;
				INFOPLIST_FILE = notebook/Info.plist;
				LD_RUNPATH_SEARCH_PATHS = "$(inherited) @executable_path/Frameworks";
				PRODUCT_BUNDLE_IDENTIFIER = com.yigitcanture.notebook;
				PRODUCT_NAME = "$(TARGET_NAME)";
				SWIFT_VERSION = 3.0;
			};
			name = Debug;
		};
		8F2F0B3B1E755705006C6E0D /* Release */ = {
			isa = XCBuildConfiguration;
			buildSettings = {
				ASSETCATALOG_COMPILER_APPICON_NAME = AppIcon;
				DEVELOPMENT_TEAM = 5KMX773338;
				INFOPLIST_FILE = notebook/Info.plist;
				LD_RUNPATH_SEARCH_PATHS = "$(inherited) @executable_path/Frameworks";
				PRODUCT_BUNDLE_IDENTIFIER = com.yigitcanture.notebook;
				PRODUCT_NAME = "$(TARGET_NAME)";
				SWIFT_VERSION = 3.0;
			};
			name = Release;
		};
/* End XCBuildConfiguration section */

/* Begin XCConfigurationList section */
		8F2F0B1F1E755705006C6E0D /* Build configuration list for PBXProject "notebook" */ = {
			isa = XCConfigurationList;
			buildConfigurations = (
				8F2F0B371E755705006C6E0D /* Debug */,
				8F2F0B381E755705006C6E0D /* Release */,
			);
			defaultConfigurationIsVisible = 0;
			defaultConfigurationName = Release;
		};
		8F2F0B391E755705006C6E0D /* Build configuration list for PBXNativeTarget "notebook" */ = {
			isa = XCConfigurationList;
			buildConfigurations = (
				8F2F0B3A1E755705006C6E0D /* Debug */,
				8F2F0B3B1E755705006C6E0D /* Release */,
			);
			defaultConfigurationIsVisible = 0;
			defaultConfigurationName = Release;
		};
/* End XCConfigurationList section */

/* Begin XCVersionGroup section */
		8F2F0B2E1E755705006C6E0D /* notebook.xcdatamodeld */ = {
			isa = XCVersionGroup;
			children = (
				8F2F0B2F1E755705006C6E0D /* notebook.xcdatamodel */,
			);
			currentVersion = 8F2F0B2F1E755705006C6E0D /* notebook.xcdatamodel */;
			path = notebook.xcdatamodeld;
			sourceTree = "<group>";
			versionGroupType = wrapper.xcdatamodel;
		};
/* End XCVersionGroup section */
	};
	rootObject = 8F2F0B1C1E755705006C6E0D /* Project object */;
}
